{
  "name": "ploneconf2024",
  "lockfileVersion": 3,
  "requires": true,
  "packages": {
    "": {
      "dependencies": {
        "pnpm": "^9.14.2"
      }
    },
    "node_modules/pnpm": {
      "version": "9.14.2",
      "resolved": "https://registry.npmjs.org/pnpm/-/pnpm-9.14.2.tgz",
      "integrity": "sha512-biuvd9Brk2IpQVLIUcTyeO3jerHro6Vf2jF6SheyCfTbuXP7JQp3q8Rjo0H8sfF/F8+iQJHE6zGc2g2bhCeDhw==",
      "license": "MIT",
      "bin": {
        "pnpm": "bin/pnpm.cjs",
        "pnpx": "bin/pnpx.cjs"
      },
      "engines": {
        "node": ">=18.12"
      },
      "funding": {
        "url": "https://opencollective.com/pnpm"
      }
    }
  }
}
